// !$*UTF8*$!
{
	archiveVersion = 1;
	classes = {
	};
	objectVersion = 77;
	objects = {

/* Begin PBXBuildFile section */
		2D0000010000000000000001 /* RetroCalcApp.swift in Sources */ = {isa = PBXBuildFile; fileRef = 2D0000020000000000000001 /* RetroCalcApp.swift */; };
		2D0000030000000000000001 /* LCDPanel in Frameworks */ = {isa = PBXBuildFile; productRef = 2D0000040000000000000001 /* LCDPanel */; };
		2D0000200000000000000001 /* Calculator.ttf in Resources */ = {isa = PBXBuildFile; fileRef = 2D0000210000000000000001 /* Calculator.ttf */; };
		2D0000300000000000000001 /* words.txt in Resources */ = {isa = PBXBuildFile; fileRef = 2D0000310000000000000001 /* words.txt */; };
		2D0000400000000000000001 /* CalculatorView.swift in Sources */ = {isa = PBXBuildFile; fileRef = 2D0000410000000000000001 /* CalculatorView.swift */; };
		2D0000420000000000000001 /* Word.swift in Sources */ = {isa = PBXBuildFile; fileRef = 2D0000430000000000000001 /* Word.swift */; };
		2D0000440000000000000001 /* WordsList.swift in Sources */ = {isa = PBXBuildFile; fileRef = 2D0000450000000000000001 /* WordsList.swift */; };
		54111C892FD5C73B00BCDEBF /* Key.swift in Sources */ = {isa = PBXBuildFile; fileRef = 54111C882FD5C73B00BCDEBF /* Key.swift */; };
		54111C8B2FD5C7CF00BCDEBF /* Assets.xcassets in Resources */ = {isa = PBXBuildFile; fileRef = 54111C8A2FD5C7CF00BCDEBF /* Assets.xcassets */; };
		54111C8D2FD5DA4900BCDEBF /* KeyPad.swift in Sources */ = {isa = PBXBuildFile; fileRef = 54111C8C2FD5DA4900BCDEBF /* KeyPad.swift */; };
		54111C8F2FD5DCAD00BCDEBF /* OpenWordsAction.swift in Sources */ = {isa = PBXBuildFile; fileRef = 54111C8E2FD5DCAD00BCDEBF /* OpenWordsAction.swift */; };
/* End PBXBuildFile section */

/* Begin PBXFileReference section */
		2D0000020000000000000001 /* RetroCalcApp.swift */ = {isa = PBXFileReference; lastKnownFileType = sourcecode.swift; path = RetroCalcApp.swift; sourceTree = "<group>"; };
		2D0000050000000000000001 /* Info.plist */ = {isa = PBXFileReference; lastKnownFileType = text.plist.xml; path = Info.plist; sourceTree = "<group>"; };
		2D0000060000000000000001 /* RetroCalc.app */ = {isa = PBXFileReference; explicitFileType = wrapper.application; includeInIndex = 0; path = RetroCalc.app; sourceTree = BUILT_PRODUCTS_DIR; };
		2D0000210000000000000001 /* Calculator.ttf */ = {isa = PBXFileReference; lastKnownFileType = file; path = Calculator.ttf; sourceTree = "<group>"; };
		2D0000310000000000000001 /* words.txt */ = {isa = PBXFileReference; lastKnownFileType = text; path = words.txt; sourceTree = "<group>"; };
		2D0000410000000000000001 /* CalculatorView.swift */ = {isa = PBXFileReference; lastKnownFileType = sourcecode.swift; path = CalculatorView.swift; sourceTree = "<group>"; };
		2D0000430000000000000001 /* Word.swift */ = {isa = PBXFileReference; lastKnownFileType = sourcecode.swift; path = Word.swift; sourceTree = "<group>"; };
		2D0000450000000000000001 /* WordsList.swift */ = {isa = PBXFileReference; lastKnownFileType = sourcecode.swift; path = WordsList.swift; sourceTree = "<group>"; };
		54111C882FD5C73B00BCDEBF /* Key.swift */ = {isa = PBXFileReference; lastKnownFileType = sourcecode.swift; path = Key.swift; sourceTree = "<group>"; };
		54111C8A2FD5C7CF00BCDEBF /* Assets.xcassets */ = {isa = PBXFileReference; lastKnownFileType = folder.assetcatalog; path = Assets.xcassets; sourceTree = "<group>"; };
		54111C8C2FD5DA4900BCDEBF /* KeyPad.swift */ = {isa = PBXFileReference; lastKnownFileType = sourcecode.swift; path = KeyPad.swift; sourceTree = "<group>"; };
		54111C8E2FD5DCAD00BCDEBF /* OpenWordsAction.swift */ = {isa = PBXFileReference; lastKnownFileType = sourcecode.swift; path = OpenWordsAction.swift; sourceTree = "<group>"; };
/* End PBXFileReference section */

/* Begin PBXFrameworksBuildPhase section */
		2D0000070000000000000001 /* Frameworks */ = {
			isa = PBXFrameworksBuildPhase;
			buildActionMask = 2147483647;
			files = (
				2D0000030000000000000001 /* LCDPanel in Frameworks */,
			);
			runOnlyForDeploymentPostprocessing = 0;
		};
/* End PBXFrameworksBuildPhase section */

/* Begin PBXGroup section */
		2D0000080000000000000001 = {
			isa = PBXGroup;
			children = (
				2D0000090000000000000001 /* RetroCalcApp */,
				2D00000B0000000000000001 /* Products */,
			);
			sourceTree = "<group>";
		};
		2D0000090000000000000001 /* RetroCalcApp */ = {
			isa = PBXGroup;
			children = (
				2D0000220000000000000001 /* Resources */,
				54111C912FD5F17E00BCDEBF /* Calculator */,
				54111C902FD5F17600BCDEBF /* Words */,
				2D0000020000000000000001 /* RetroCalcApp.swift */,
				2D0000050000000000000001 /* Info.plist */,
				54111C8A2FD5C7CF00BCDEBF /* Assets.xcassets */,
			);
			path = RetroCalcApp;
			sourceTree = "<group>";
		};
		2D00000B0000000000000001 /* Products */ = {
			isa = PBXGroup;
			children = (
				2D0000060000000000000001 /* RetroCalc.app */,
			);
			name = Products;
			sourceTree = "<group>";
		};
		2D0000220000000000000001 /* Resources */ = {
			isa = PBXGroup;
			children = (
				2D0000210000000000000001 /* Calculator.ttf */,
				2D0000310000000000000001 /* words.txt */,
			);
			path = Resources;
			sourceTree = "<group>";
		};
		54111C902FD5F17600BCDEBF /* Words */ = {
			isa = PBXGroup;
			children = (
				2D0000430000000000000001 /* Word.swift */,
				2D0000450000000000000001 /* WordsList.swift */,
				54111C8E2FD5DCAD00BCDEBF /* OpenWordsAction.swift */,
			);
			path = Words;
			sourceTree = "<group>";
		};
		54111C912FD5F17E00BCDEBF /* Calculator */ = {
			isa = PBXGroup;
			children = (
				2D0000410000000000000001 /* CalculatorView.swift */,
				54111C882FD5C73B00BCDEBF /* Key.swift */,
				54111C8C2FD5DA4900BCDEBF /* KeyPad.swift */,
			);
			path = Calculator;
			sourceTree = "<group>";
		};
/* End PBXGroup section */

/* Begin PBXNativeTarget section */
		2D00000C0000000000000001 /* RetroCalc */ = {
			isa = PBXNativeTarget;
			buildConfigurationList = 2D00000D0000000000000001 /* Build configuration list for PBXNativeTarget "RetroCalc" */;
			buildPhases = (
				2D00000E0000000000000001 /* Sources */,
				2D0000070000000000000001 /* Frameworks */,
				2D00000F0000000000000001 /* Resources */,
			);
			buildRules = (
			);
			dependencies = (
			);
			name = RetroCalc;
			packageProductDependencies = (
				2D0000040000000000000001 /* LCDPanel */,
			);
			productName = RetroCalc;
			productReference = 2D0000060000000000000001 /* RetroCalc.app */;
			productType = "com.apple.product-type.application";
		};
/* End PBXNativeTarget section */

/* Begin PBXProject section */
		2D0000100000000000000001 /* Project object */ = {
			isa = PBXProject;
			attributes = {
				BuildIndependentTargetsInParallel = 1;
				LastSwiftUpdateCheck = 2650;
				LastUpgradeCheck = 2650;
				TargetAttributes = {
					2D00000C0000000000000001 = {
						CreatedOnToolsVersion = 26.5;
					};
				};
			};
			buildConfigurationList = 2D0000110000000000000001 /* Build configuration list for PBXProject "RetroCalc" */;
			developmentRegion = en;
			hasScannedForEncodings = 0;
			knownRegions = (
				en,
				Base,
			);
			mainGroup = 2D0000080000000000000001;
			minimizedProjectReferenceProxies = 1;
			packageReferences = (
				2D0000120000000000000001 /* XCLocalSwiftPackageReference "Packages/LCDPanel" */,
			);
			preferredProjectObjectVersion = 77;
			productRefGroup = 2D00000B0000000000000001 /* Products */;
			projectDirPath = "";
			projectRoot = "";
			targets = (
				2D00000C0000000000000001 /* RetroCalc */,
			);
		};
/* End PBXProject section */

/* Begin PBXResourcesBuildPhase section */
		2D00000F0000000000000001 /* Resources */ = {
			isa = PBXResourcesBuildPhase;
			buildActionMask = 2147483647;
			files = (
				2D0000200000000000000001 /* Calculator.ttf in Resources */,
				54111C8B2FD5C7CF00BCDEBF /* Assets.xcassets in Resources */,
				2D0000300000000000000001 /* words.txt in Resources */,
			);
			runOnlyForDeploymentPostprocessing = 0;
		};
/* End PBXResourcesBuildPhase section */

/* Begin PBXSourcesBuildPhase section */
		2D00000E0000000000000001 /* Sources */ = {
			isa = PBXSourcesBuildPhase;
			buildActionMask = 2147483647;
			files = (
				2D0000010000000000000001 /* RetroCalcApp.swift in Sources */,
				2D0000400000000000000001 /* CalculatorView.swift in Sources */,
				54111C892FD5C73B00BCDEBF /* Key.swift in Sources */,
				54111C8D2FD5DA4900BCDEBF /* KeyPad.swift in Sources */,
				2D0000420000000000000001 /* Word.swift in Sources */,
				2D0000440000000000000001 /* WordsList.swift in Sources */,
				54111C8F2FD5DCAD00BCDEBF /* OpenWordsAction.swift in Sources */,
			);
			runOnlyForDeploymentPostprocessing = 0;
		};
/* End PBXSourcesBuildPhase section */

/* Begin XCBuildConfiguration section */
		2D0000130000000000000001 /* Debug */ = {
			isa = XCBuildConfiguration;
			buildSettings = {
				ALWAYS_SEARCH_USER_PATHS = NO;
				CLANG_ANALYZER_NONNULL = YES;
				CLANG_ANALYZER_NUMBER_OBJECT_CONVERSION = YES_AGGRESSIVE;
				CLANG_CXX_LANGUAGE_STANDARD = "gnu++20";
				CLANG_ENABLE_MODULES = YES;
				CLANG_ENABLE_OBJC_ARC = YES;
				CLANG_ENABLE_OBJC_WEAK = YES;
				CLANG_WARN_BLOCK_CAPTURE_AUTORELEASING = YES;
				CLANG_WARN_BOOL_CONVERSION = YES;
				CLANG_WARN_COMMA = YES;
				CLANG_WARN_CONSTANT_CONVERSION = YES;
				CLANG_WARN_DEPRECATED_OBJC_IMPLEMENTATIONS = YES;
				CLANG_WARN_DIRECT_OBJC_ISA_USAGE = YES_ERROR;
				CLANG_WARN_DOCUMENTATION_COMMENTS = YES;
				CLANG_WARN_EMPTY_BODY = YES;
				CLANG_WARN_ENUM_CONVERSION = YES;
				CLANG_WARN_INFINITE_RECURSION = YES;
				CLANG_WARN_INT_CONVERSION = YES;
				CLANG_WARN_NON_LITERAL_NULL_CONVERSION = YES;
				CLANG_WARN_OBJC_IMPLICIT_RETAIN_SELF = YES;
				CLANG_WARN_OBJC_LITERAL_CONVERSION = YES;
				CLANG_WARN_OBJC_ROOT_CLASS = YES_ERROR;
				CLANG_WARN_QUOTED_INCLUDE_IN_FRAMEWORK_HEADER = YES;
				CLANG_WARN_RANGE_LOOP_ANALYSIS = YES;
				CLANG_WARN_STRICT_PROTOTYPES = YES;
				CLANG_WARN_SUSPICIOUS_MOVE = YES;
				CLANG_WARN_UNGUARDED_AVAILABILITY = YES_AGGRESSIVE;
				CLANG_WARN_UNREACHABLE_CODE = YES;
				CLANG_WARN__DUPLICATE_METHOD_MATCH = YES;
				COPY_PHASE_STRIP = NO;
				DEBUG_INFORMATION_FORMAT = dwarf;
				ENABLE_STRICT_OBJC_MSGSEND = YES;
				ENABLE_TESTABILITY = YES;
				ENABLE_USER_SCRIPT_SANDBOXING = YES;
				GCC_C_LANGUAGE_STANDARD = gnu17;
				GCC_DYNAMIC_NO_PIC = NO;
				GCC_NO_COMMON_BLOCKS = YES;
				GCC_OPTIMIZATION_LEVEL = 0;
				GCC_PREPROCESSOR_DEFINITIONS = (
					"DEBUG=1",
					"$(inherited)",
				);
				GCC_WARN_64_TO_32_BIT_CONVERSION = YES;
				GCC_WARN_ABOUT_RETURN_TYPE = YES_ERROR;
				GCC_WARN_UNDECLARED_SELECTOR = YES;
				GCC_WARN_UNINITIALIZED_AUTOS = YES_AGGRESSIVE;
				GCC_WARN_UNUSED_FUNCTION = YES;
				GCC_WARN_UNUSED_VARIABLE = YES;
				IPHONEOS_DEPLOYMENT_TARGET = 26.0;
				MTL_ENABLE_DEBUG_INFO = INCLUDE_SOURCE;
				MTL_FAST_MATH = YES;
				ONLY_ACTIVE_ARCH = YES;
				SDKROOT = iphoneos;
				SWIFT_ACTIVE_COMPILATION_CONDITIONS = DEBUG;
			};
			name = Debug;
		};
		2D0000140000000000000001 /* Release */ = {
			isa = XCBuildConfiguration;
			buildSettings = {
				ALWAYS_SEARCH_USER_PATHS = NO;
				CLANG_ANALYZER_NONNULL = YES;
				CLANG_ANALYZER_NUMBER_OBJECT_CONVERSION = YES_AGGRESSIVE;
				CLANG_CXX_LANGUAGE_STANDARD = "gnu++20";
				CLANG_ENABLE_MODULES = YES;
				CLANG_ENABLE_OBJC_ARC = YES;
				CLANG_ENABLE_OBJC_WEAK = YES;
				CLANG_WARN_BLOCK_CAPTURE_AUTORELEASING = YES;
				CLANG_WARN_BOOL_CONVERSION = YES;
				CLANG_WARN_COMMA = YES;
				CLANG_WARN_CONSTANT_CONVERSION = YES;
				CLANG_WARN_DEPRECATED_OBJC_IMPLEMENTATIONS = YES;
				CLANG_WARN_DIRECT_OBJC_ISA_USAGE = YES_ERROR;
				CLANG_WARN_DOCUMENTATION_COMMENTS = YES;
				CLANG_WARN_EMPTY_BODY = YES;
				CLANG_WARN_ENUM_CONVERSION = YES;
				CLANG_WARN_INFINITE_RECURSION = YES;
				CLANG_WARN_INT_CONVERSION = YES;
				CLANG_WARN_NON_LITERAL_NULL_CONVERSION = YES;
				CLANG_WARN_OBJC_IMPLICIT_RETAIN_SELF = YES;
				CLANG_WARN_OBJC_LITERAL_CONVERSION = YES;
				CLANG_WARN_OBJC_ROOT_CLASS = YES_ERROR;
				CLANG_WARN_QUOTED_INCLUDE_IN_FRAMEWORK_HEADER = YES;
				CLANG_WARN_RANGE_LOOP_ANALYSIS = YES;
				CLANG_WARN_STRICT_PROTOTYPES = YES;
				CLANG_WARN_SUSPICIOUS_MOVE = YES;
				CLANG_WARN_UNGUARDED_AVAILABILITY = YES_AGGRESSIVE;
				CLANG_WARN_UNREACHABLE_CODE = YES;
				CLANG_WARN__DUPLICATE_METHOD_MATCH = YES;
				COPY_PHASE_STRIP = NO;
				DEBUG_INFORMATION_FORMAT = "dwarf-with-dsym";
				ENABLE_NS_ASSERTIONS = NO;
				ENABLE_STRICT_OBJC_MSGSEND = YES;
				ENABLE_USER_SCRIPT_SANDBOXING = YES;
				GCC_C_LANGUAGE_STANDARD = gnu17;
				GCC_NO_COMMON_BLOCKS = YES;
				GCC_WARN_64_TO_32_BIT_CONVERSION = YES;
				GCC_WARN_ABOUT_RETURN_TYPE = YES_ERROR;
				GCC_WARN_UNDECLARED_SELECTOR = YES;
				GCC_WARN_UNINITIALIZED_AUTOS = YES_AGGRESSIVE;
				GCC_WARN_UNUSED_FUNCTION = YES;
				GCC_WARN_UNUSED_VARIABLE = YES;
				IPHONEOS_DEPLOYMENT_TARGET = 26.0;
				MTL_ENABLE_DEBUG_INFO = NO;
				MTL_FAST_MATH = YES;
				SDKROOT = iphoneos;
				SWIFT_COMPILATION_MODE = wholemodule;
				VALIDATE_PRODUCT = YES;
			};
			name = Release;
		};
		2D0000150000000000000001 /* Debug */ = {
			isa = XCBuildConfiguration;
			buildSettings = {
				ASSETCATALOG_COMPILER_GENERATE_SWIFT_ASSET_SYMBOL_EXTENSIONS = NO;
				CODE_SIGN_STYLE = Automatic;
				CURRENT_PROJECT_VERSION = 1;
				DEVELOPMENT_ASSET_PATHS = "";
				DEVELOPMENT_TEAM = V2CWYL9AN8;
				GENERATE_INFOPLIST_FILE = NO;
				INFOPLIST_FILE = RetroCalcApp/Info.plist;
				INFOPLIST_KEY_UIApplicationSceneManifest_Generation = YES;
				INFOPLIST_KEY_UIApplicationSupportsIndirectInputEvents = YES;
				IPHONEOS_DEPLOYMENT_TARGET = 26.0;
				LD_RUNPATH_SEARCH_PATHS = (
					"$(inherited)",
					"@executable_path/Frameworks",
				);
				MARKETING_VERSION = 1.0;
				PRODUCT_BUNDLE_IDENTIFIER = com.shaps.RetroCalc;
				PRODUCT_NAME = RetroCalc;
				SUPPORTED_PLATFORMS = "iphoneos iphonesimulator";
				SUPPORTS_MACCATALYST = NO;
				SUPPORTS_MAC_DESIGNED_FOR_IPHONE_IPAD = NO;
				SWIFT_EMIT_LOC_STRINGS = YES;
				SWIFT_OPTIMIZATION_LEVEL = "-Onone";
				SWIFT_VERSION = 5.9;
				TARGETED_DEVICE_FAMILY = 1;
			};
			name = Debug;
		};
		2D0000160000000000000001 /* Release */ = {
			isa = XCBuildConfiguration;
			buildSettings = {
				ASSETCATALOG_COMPILER_GENERATE_SWIFT_ASSET_SYMBOL_EXTENSIONS = NO;
				CODE_SIGN_STYLE = Automatic;
				CURRENT_PROJECT_VERSION = 1;
				DEVELOPMENT_ASSET_PATHS = "";
				DEVELOPMENT_TEAM = V2CWYL9AN8;
				GENERATE_INFOPLIST_FILE = NO;
				INFOPLIST_FILE = RetroCalcApp/Info.plist;
				INFOPLIST_KEY_UIApplicationSceneManifest_Generation = YES;
				INFOPLIST_KEY_UIApplicationSupportsIndirectInputEvents = YES;
				IPHONEOS_DEPLOYMENT_TARGET = 26.0;
				LD_RUNPATH_SEARCH_PATHS = (
					"$(inherited)",
					"@executable_path/Frameworks",
				);
				MARKETING_VERSION = 1.0;
				PRODUCT_BUNDLE_IDENTIFIER = com.shaps.RetroCalc;
				PRODUCT_NAME = RetroCalc;
				SUPPORTED_PLATFORMS = "iphoneos iphonesimulator";
				SUPPORTS_MACCATALYST = NO;
				SUPPORTS_MAC_DESIGNED_FOR_IPHONE_IPAD = NO;
				SWIFT_EMIT_LOC_STRINGS = YES;
				SWIFT_OPTIMIZATION_LEVEL = "-Onone";
				SWIFT_VERSION = 5.9;
				TARGETED_DEVICE_FAMILY = 1;
			};
			name = Release;
		};
/* End XCBuildConfiguration section */

/* Begin XCConfigurationList section */
		2D00000D0000000000000001 /* Build configuration list for PBXNativeTarget "RetroCalc" */ = {
			isa = XCConfigurationList;
			buildConfigurations = (
				2D0000150000000000000001 /* Debug */,
				2D0000160000000000000001 /* Release */,
			);
			defaultConfigurationIsVisible = 0;
			defaultConfigurationName = Release;
		};
		2D0000110000000000000001 /* Build configuration list for PBXProject "RetroCalc" */ = {
			isa = XCConfigurationList;
			buildConfigurations = (
				2D0000130000000000000001 /* Debug */,
				2D0000140000000000000001 /* Release */,
			);
			defaultConfigurationIsVisible = 0;
			defaultConfigurationName = Release;
		};
/* End XCConfigurationList section */

/* Begin XCLocalSwiftPackageReference section */
		2D0000120000000000000001 /* XCLocalSwiftPackageReference "Packages/LCDPanel" */ = {
			isa = XCLocalSwiftPackageReference;
			relativePath = Packages/LCDPanel;
		};
/* End XCLocalSwiftPackageReference section */

/* Begin XCSwiftPackageProductDependency section */
		2D0000040000000000000001 /* LCDPanel */ = {
			isa = XCSwiftPackageProductDependency;
			package = 2D0000120000000000000001 /* XCLocalSwiftPackageReference "Packages/LCDPanel" */;
			productName = LCDPanel;
		};
/* End XCSwiftPackageProductDependency section */
	};
	rootObject = 2D0000100000000000000001 /* Project object */;
}
